// !$*UTF8*$!
{
	archiveVersion = 1;
	classes = {
	};
	objectVersion = 56;
	objects = {

/* Begin PBXBuildFile section */
		754B0B502AF8CAA7009083F7 /* AppDelegate.swift in Sources */ = {isa = PBXBuildFile; fileRef = 754B0B4F2AF8CAA7009083F7 /* AppDelegate.swift */; };
		754B0B522AF8CAA7009083F7 /* SceneDelegate.swift in Sources */ = {isa = PBXBuildFile; fileRef = 754B0B512AF8CAA7009083F7 /* SceneDelegate.swift */; };
		754B0B542AF8CAA7009083F7 /* ViewController.swift in Sources */ = {isa = PBXBuildFile; fileRef = 754B0B532AF8CAA7009083F7 /* ViewController.swift */; };
		754B0B572AF8CAA7009083F7 /* Main.storyboard in Resources */ = {isa = PBXBuildFile; fileRef = 754B0B552AF8CAA7009083F7 /* Main.storyboard */; };
		754B0B592AF8CAA8009083F7 /* Assets.xcassets in Resources */ = {isa = PBXBuildFile; fileRef = 754B0B582AF8CAA8009083F7 /* Assets.xcassets */; };
		754B0B5C2AF8CAA8009083F7 /* LaunchScreen.storyboard in Resources */ = {isa = PBXBuildFile; fileRef = 754B0B5A2AF8CAA8009083F7 /* LaunchScreen.storyboard */; };
		754B0B672AF8CAA8009083F7 /* RSimpleFramworkAPPTests.swift in Sources */ = {isa = PBXBuildFile; fileRef = 754B0B662AF8CAA8009083F7 /* RSimpleFramworkAPPTests.swift */; };
		754B0B712AF8CAA8009083F7 /* RSimpleFramworkAPPUITests.swift in Sources */ = {isa = PBXBuildFile; fileRef = 754B0B702AF8CAA8009083F7 /* RSimpleFramworkAPPUITests.swift */; };
		754B0B732AF8CAA8009083F7 /* RSimpleFramworkAPPUITestsLaunchTests.swift in Sources */ = {isa = PBXBuildFile; fileRef = 754B0B722AF8CAA8009083F7 /* RSimpleFramworkAPPUITestsLaunchTests.swift */; };
/* End PBXBuildFile section */

/* Begin PBXContainerItemProxy section */
		754B0B632AF8CAA8009083F7 /* PBXContainerItemProxy */ = {
			isa = PBXContainerItemProxy;
			containerPortal = 754B0B442AF8CAA7009083F7 /* Project object */;
			proxyType = 1;
			remoteGlobalIDString = 754B0B4B2AF8CAA7009083F7;
			remoteInfo = RSimpleFramworkAPP;
		};
		754B0B6D2AF8CAA8009083F7 /* PBXContainerItemProxy */ = {
			isa = PBXContainerItemProxy;
			containerPortal = 754B0B442AF8CAA7009083F7 /* Project object */;
			proxyType = 1;
			remoteGlobalIDString = 754B0B4B2AF8CAA7009083F7;
			remoteInfo = RSimpleFramworkAPP;
		};
/* End PBXContainerItemProxy section */

/* Begin PBXFileReference section */
		754B0B4C2AF8CAA7009083F7 /* RSimpleFramworkAPP.app */ = {isa = PBXFileReference; explicitFileType = wrapper.application; includeInIndex = 0; path = RSimpleFramworkAPP.app; sourceTree = BUILT_PRODUCTS_DIR; };
		754B0B4F2AF8CAA7009083F7 /* AppDelegate.swift */ = {isa = PBXFileReference; lastKnownFileType = sourcecode.swift; path = AppDelegate.swift; sourceTree = "<group>"; };
		754B0B512AF8CAA7009083F7 /* SceneDelegate.swift */ = {isa = PBXFileReference; lastKnownFileType = sourcecode.swift; path = SceneDelegate.swift; sourceTree = "<group>"; };
		754B0B532AF8CAA7009083F7 /* ViewController.swift */ = {isa = PBXFileReference; lastKnownFileType = sourcecode.swift; path = ViewController.swift; sourceTree = "<group>"; };
		754B0B562AF8CAA7009083F7 /* Base */ = {isa = PBXFileReference; lastKnownFileType = file.storyboard; name = Base; path = Base.lproj/Main.storyboard; sourceTree = "<group>"; };
		754B0B582AF8CAA8009083F7 /* Assets.xcassets */ = {isa = PBXFileReference; lastKnownFileType = folder.assetcatalog; path = Assets.xcassets; sourceTree = "<group>"; };
		754B0B5B2AF8CAA8009083F7 /* Base */ = {isa = PBXFileReference; lastKnownFileType = file.storyboard; name = Base; path = Base.lproj/LaunchScreen.storyboard; sourceTree = "<group>"; };
		754B0B5D2AF8CAA8009083F7 /* Info.plist */ = {isa = PBXFileReference; lastKnownFileType = text.plist.xml; path = Info.plist; sourceTree = "<group>"; };
		754B0B622AF8CAA8009083F7 /* RSimpleFramworkAPPTests.xctest */ = {isa = PBXFileReference; explicitFileType = wrapper.cfbundle; includeInIndex = 0; path = RSimpleFramworkAPPTests.xctest; sourceTree = BUILT_PRODUCTS_DIR; };
		754B0B662AF8CAA8009083F7 /* RSimpleFramworkAPPTests.swift */ = {isa = PBXFileReference; lastKnownFileType = sourcecode.swift; path = RSimpleFramworkAPPTests.swift; sourceTree = "<group>"; };
		754B0B6C2AF8CAA8009083F7 /* RSimpleFramworkAPPUITests.xctest */ = {isa = PBXFileReference; explicitFileType = wrapper.cfbundle; includeInIndex = 0; path = RSimpleFramworkAPPUITests.xctest; sourceTree = BUILT_PRODUCTS_DIR; };
		754B0B702AF8CAA8009083F7 /* RSimpleFramworkAPPUITests.swift */ = {isa = PBXFileReference; lastKnownFileType = sourcecode.swift; path = RSimpleFramworkAPPUITests.swift; sourceTree = "<group>"; };
		754B0B722AF8CAA8009083F7 /* RSimpleFramworkAPPUITestsLaunchTests.swift */ = {isa = PBXFileReference; lastKnownFileType = sourcecode.swift; path = RSimpleFramworkAPPUITestsLaunchTests.swift; sourceTree = "<group>"; };
/* End PBXFileReference section */

/* Begin PBXFrameworksBuildPhase section */
		754B0B492AF8CAA7009083F7 /* Frameworks */ = {
			isa = PBXFrameworksBuildPhase;
			buildActionMask = 2147483647;
			files = (
			);
			runOnlyForDeploymentPostprocessing = 0;
		};
		754B0B5F2AF8CAA8009083F7 /* Frameworks */ = {
			isa = PBXFrameworksBuildPhase;
			buildActionMask = 2147483647;
			files = (
			);
			runOnlyForDeploymentPostprocessing = 0;
		};
		754B0B692AF8CAA8009083F7 /* Frameworks */ = {
			isa = PBXFrameworksBuildPhase;
			buildActionMask = 2147483647;
			files = (
			);
			runOnlyForDeploymentPostprocessing = 0;
		};
/* End PBXFrameworksBuildPhase section */

/* Begin PBXGroup section */
		754B0B432AF8CAA7009083F7 = {
			isa = PBXGroup;
			children = (
				754B0B4E2AF8CAA7009083F7 /* RSimpleFramworkAPP */,
				754B0B652AF8CAA8009083F7 /* RSimpleFramworkAPPTests */,
				754B0B6F2AF8CAA8009083F7 /* RSimpleFramworkAPPUITests */,
				754B0B4D2AF8CAA7009083F7 /* Products */,
			);
			sourceTree = "<group>";
		};
		754B0B4D2AF8CAA7009083F7 /* Products */ = {
			isa = PBXGroup;
			children = (
				754B0B4C2AF8CAA7009083F7 /* RSimpleFramworkAPP.app */,
				754B0B622AF8CAA8009083F7 /* RSimpleFramworkAPPTests.xctest */,
				754B0B6C2AF8CAA8009083F7 /* RSimpleFramworkAPPUITests.xctest */,
			);
			name = Products;
			sourceTree = "<group>";
		};
		754B0B4E2AF8CAA7009083F7 /* RSimpleFramworkAPP */ = {
			isa = PBXGroup;
			children = (
				754B0B4F2AF8CAA7009083F7 /* AppDelegate.swift */,
				754B0B512AF8CAA7009083F7 /* SceneDelegate.swift */,
				754B0B532AF8CAA7009083F7 /* ViewController.swift */,
				754B0B552AF8CAA7009083F7 /* Main.storyboard */,
				754B0B582AF8CAA8009083F7 /* Assets.xcassets */,
				754B0B5A2AF8CAA8009083F7 /* LaunchScreen.storyboard */,
				754B0B5D2AF8CAA8009083F7 /* Info.plist */,
			);
			path = RSimpleFramworkAPP;
			sourceTree = "<group>";
		};
		754B0B652AF8CAA8009083F7 /* RSimpleFramworkAPPTests */ = {
			isa = PBXGroup;
			children = (
				754B0B662AF8CAA8009083F7 /* RSimpleFramworkAPPTests.swift */,
			);
			path = RSimpleFramworkAPPTests;
			sourceTree = "<group>";
		};
		754B0B6F2AF8CAA8009083F7 /* RSimpleFramworkAPPUITests */ = {
			isa = PBXGroup;
			children = (
				754B0B702AF8CAA8009083F7 /* RSimpleFramworkAPPUITests.swift */,
				754B0B722AF8CAA8009083F7 /* RSimpleFramworkAPPUITestsLaunchTests.swift */,
			);
			path = RSimpleFramworkAPPUITests;
			sourceTree = "<group>";
		};
/* End PBXGroup section */

/* Begin PBXNativeTarget section */
		754B0B4B2AF8CAA7009083F7 /* RSimpleFramworkAPP */ = {
			isa = PBXNativeTarget;
			buildConfigurationList = 754B0B762AF8CAA8009083F7 /* Build configuration list for PBXNativeTarget "RSimpleFramworkAPP" */;
			buildPhases = (
				754B0B482AF8CAA7009083F7 /* Sources */,
				754B0B492AF8CAA7009083F7 /* Frameworks */,
				754B0B4A2AF8CAA7009083F7 /* Resources */,
			);
			buildRules = (
			);
			dependencies = (
			);
			name = RSimpleFramworkAPP;
			productName = RSimpleFramworkAPP;
			productReference = 754B0B4C2AF8CAA7009083F7 /* RSimpleFramworkAPP.app */;
			productType = "com.apple.product-type.application";
		};
		754B0B612AF8CAA8009083F7 /* RSimpleFramworkAPPTests */ = {
			isa = PBXNativeTarget;
			buildConfigurationList = 754B0B792AF8CAA8009083F7 /* Build configuration list for PBXNativeTarget "RSimpleFramworkAPPTests" */;
			buildPhases = (
				754B0B5E2AF8CAA8009083F7 /* Sources */,
				754B0B5F2AF8CAA8009083F7 /* Frameworks */,
				754B0B602AF8CAA8009083F7 /* Resources */,
			);
			buildRules = (
			);
			dependencies = (
				754B0B642AF8CAA8009083F7 /* PBXTargetDependency */,
			);
			name = RSimpleFramworkAPPTests;
			productName = RSimpleFramworkAPPTests;
			productReference = 754B0B622AF8CAA8009083F7 /* RSimpleFramworkAPPTests.xctest */;
			productType = "com.apple.product-type.bundle.unit-test";
		};
		754B0B6B2AF8CAA8009083F7 /* RSimpleFramworkAPPUITests */ = {
			isa = PBXNativeTarget;
			buildConfigurationList = 754B0B7C2AF8CAA8009083F7 /* Build configuration list for PBXNativeTarget "RSimpleFramworkAPPUITests" */;
			buildPhases = (
				754B0B682AF8CAA8009083F7 /* Sources */,
				754B0B692AF8CAA8009083F7 /* Frameworks */,
				754B0B6A2AF8CAA8009083F7 /* Resources */,
			);
			buildRules = (
			);
			dependencies = (
				754B0B6E2AF8CAA8009083F7 /* PBXTargetDependency */,
			);
			name = RSimpleFramworkAPPUITests;
			productName = RSimpleFramworkAPPUITests;
			productReference = 754B0B6C2AF8CAA8009083F7 /* RSimpleFramworkAPPUITests.xctest */;
			productType = "com.apple.product-type.bundle.ui-testing";
		};
/* End PBXNativeTarget section */

/* Begin PBXProject section */
		754B0B442AF8CAA7009083F7 /* Project object */ = {
			isa = PBXProject;
			attributes = {
				BuildIndependentTargetsInParallel = 1;
				LastSwiftUpdateCheck = 1500;
				LastUpgradeCheck = 1500;
				TargetAttributes = {
					754B0B4B2AF8CAA7009083F7 = {
						CreatedOnToolsVersion = 15.0.1;
					};
					754B0B612AF8CAA8009083F7 = {
						CreatedOnToolsVersion = 15.0.1;
						TestTargetID = 754B0B4B2AF8CAA7009083F7;
					};
					754B0B6B2AF8CAA8009083F7 = {
						CreatedOnToolsVersion = 15.0.1;
						TestTargetID = 754B0B4B2AF8CAA7009083F7;
					};
				};
			};
			buildConfigurationList = 754B0B472AF8CAA7009083F7 /* Build configuration list for PBXProject "RSimpleFramworkAPP" */;
			compatibilityVersion = "Xcode 14.0";
			developmentRegion = en;
			hasScannedForEncodings = 0;
			knownRegions = (
				en,
				Base,
			);
			mainGroup = 754B0B432AF8CAA7009083F7;
			productRefGroup = 754B0B4D2AF8CAA7009083F7 /* Products */;
			projectDirPath = "";
			projectRoot = "";
			targets = (
				754B0B4B2AF8CAA7009083F7 /* RSimpleFramworkAPP */,
				754B0B612AF8CAA8009083F7 /* RSimpleFramworkAPPTests */,
				754B0B6B2AF8CAA8009083F7 /* RSimpleFramworkAPPUITests */,
			);
		};
/* End PBXProject section */

/* Begin PBXResourcesBuildPhase section */
		754B0B4A2AF8CAA7009083F7 /* Resources */ = {
			isa = PBXResourcesBuildPhase;
			buildActionMask = 2147483647;
			files = (
				754B0B5C2AF8CAA8009083F7 /* LaunchScreen.storyboard in Resources */,
				754B0B592AF8CAA8009083F7 /* Assets.xcassets in Resources */,
				754B0B572AF8CAA7009083F7 /* Main.storyboard in Resources */,
			);
			runOnlyForDeploymentPostprocessing = 0;
		};
		754B0B602AF8CAA8009083F7 /* Resources */ = {
			isa = PBXResourcesBuildPhase;
			buildActionMask = 2147483647;
			files = (
			);
			runOnlyForDeploymentPostprocessing = 0;
		};
		754B0B6A2AF8CAA8009083F7 /* Resources */ = {
			isa = PBXResourcesBuildPhase;
			buildActionMask = 2147483647;
			files = (
			);
			runOnlyForDeploymentPostprocessing = 0;
		};
/* End PBXResourcesBuildPhase section */

/* Begin PBXSourcesBuildPhase section */
		754B0B482AF8CAA7009083F7 /* Sources */ = {
			isa = PBXSourcesBuildPhase;
			buildActionMask = 2147483647;
			files = (
				754B0B542AF8CAA7009083F7 /* ViewController.swift in Sources */,
				754B0B502AF8CAA7009083F7 /* AppDelegate.swift in Sources */,
				754B0B522AF8CAA7009083F7 /* SceneDelegate.swift in Sources */,
			);
			runOnlyForDeploymentPostprocessing = 0;
		};
		754B0B5E2AF8CAA8009083F7 /* Sources */ = {
			isa = PBXSourcesBuildPhase;
			buildActionMask = 2147483647;
			files = (
				754B0B672AF8CAA8009083F7 /* RSimpleFramworkAPPTests.swift in Sources */,
			);
			runOnlyForDeploymentPostprocessing = 0;
		};
		754B0B682AF8CAA8009083F7 /* Sources */ = {
			isa = PBXSourcesBuildPhase;
			buildActionMask = 2147483647;
			files = (
				754B0B732AF8CAA8009083F7 /* RSimpleFramworkAPPUITestsLaunchTests.swift in Sources */,
				754B0B712AF8CAA8009083F7 /* RSimpleFramworkAPPUITests.swift in Sources */,
			);
			runOnlyForDeploymentPostprocessing = 0;
		};
/* End PBXSourcesBuildPhase section */

/* Begin PBXTargetDependency section */
		754B0B642AF8CAA8009083F7 /* PBXTargetDependency */ = {
			isa = PBXTargetDependency;
			target = 754B0B4B2AF8CAA7009083F7 /* RSimpleFramworkAPP */;
			targetProxy = 754B0B632AF8CAA8009083F7 /* PBXContainerItemProxy */;
		};
		754B0B6E2AF8CAA8009083F7 /* PBXTargetDependency */ = {
			isa = PBXTargetDependency;
			target = 754B0B4B2AF8CAA7009083F7 /* RSimpleFramworkAPP */;
			targetProxy = 754B0B6D2AF8CAA8009083F7 /* PBXContainerItemProxy */;
		};
/* End PBXTargetDependency section */

/* Begin PBXVariantGroup section */
		754B0B552AF8CAA7009083F7 /* Main.storyboard */ = {
			isa = PBXVariantGroup;
			children = (
				754B0B562AF8CAA7009083F7 /* Base */,
			);
			name = Main.storyboard;
			sourceTree = "<group>";
		};
		754B0B5A2AF8CAA8009083F7 /* LaunchScreen.storyboard */ = {
			isa = PBXVariantGroup;
			children = (
				754B0B5B2AF8CAA8009083F7 /* Base */,
			);
			name = LaunchScreen.storyboard;
			sourceTree = "<group>";
		};
/* End PBXVariantGroup section */

/* Begin XCBuildConfiguration section */
		754B0B742AF8CAA8009083F7 /* Debug */ = {
			isa = XCBuildConfiguration;
			buildSettings = {
				ALWAYS_SEARCH_USER_PATHS = NO;
				ASSETCATALOG_COMPILER_GENERATE_SWIFT_ASSET_SYMBOL_EXTENSIONS = YES;
				CLANG_ANALYZER_NONNULL = YES;
				CLANG_ANALYZER_NUMBER_OBJECT_CONVERSION = YES_AGGRESSIVE;
				CLANG_CXX_LANGUAGE_STANDARD = "gnu++20";
				CLANG_ENABLE_MODULES = YES;
				CLANG_ENABLE_OBJC_ARC = YES;
				CLANG_ENABLE_OBJC_WEAK = YES;
				CLANG_WARN_BLOCK_CAPTURE_AUTORELEASING = YES;
				CLANG_WARN_BOOL_CONVERSION = YES;
				CLANG_WARN_COMMA = YES;
				CLANG_WARN_CONSTANT_CONVERSION = YES;
				CLANG_WARN_DEPRECATED_OBJC_IMPLEMENTATIONS = YES;
				CLANG_WARN_DIRECT_OBJC_ISA_USAGE = YES_ERROR;
				CLANG_WARN_DOCUMENTATION_COMMENTS = YES;
				CLANG_WARN_EMPTY_BODY = YES;
				CLANG_WARN_ENUM_CONVERSION = YES;
				CLANG_WARN_INFINITE_RECURSION = YES;
				CLANG_WARN_INT_CONVERSION = YES;
				CLANG_WARN_NON_LITERAL_NULL_CONVERSION = YES;
				CLANG_WARN_OBJC_IMPLICIT_RETAIN_SELF = YES;
				CLANG_WARN_OBJC_LITERAL_CONVERSION = YES;
				CLANG_WARN_OBJC_ROOT_CLASS = YES_ERROR;
				CLANG_WARN_QUOTED_INCLUDE_IN_FRAMEWORK_HEADER = YES;
				CLANG_WARN_RANGE_LOOP_ANALYSIS = YES;
				CLANG_WARN_STRICT_PROTOTYPES = YES;
				CLANG_WARN_SUSPICIOUS_MOVE = YES;
				CLANG_WARN_UNGUARDED_AVAILABILITY = YES_AGGRESSIVE;
				CLANG_WARN_UNREACHABLE_CODE = YES;
				CLANG_WARN__DUPLICATE_METHOD_MATCH = YES;
				COPY_PHASE_STRIP = NO;
				DEBUG_INFORMATION_FORMAT = dwarf;
				ENABLE_STRICT_OBJC_MSGSEND = YES;
				ENABLE_TESTABILITY = YES;
				ENABLE_USER_SCRIPT_SANDBOXING = YES;
				GCC_C_LANGUAGE_STANDARD = gnu17;
				GCC_DYNAMIC_NO_PIC = NO;
				GCC_NO_COMMON_BLOCKS = YES;
				GCC_OPTIMIZATION_LEVEL = 0;
				GCC_PREPROCESSOR_DEFINITIONS = (
					"DEBUG=1",
					"$(inherited)",
				);
				GCC_WARN_64_TO_32_BIT_CONVERSION = YES;
				GCC_WARN_ABOUT_RETURN_TYPE = YES_ERROR;
				GCC_WARN_UNDECLARED_SELECTOR = YES;
				GCC_WARN_UNINITIALIZED_AUTOS = YES_AGGRESSIVE;
				GCC_WARN_UNUSED_FUNCTION = YES;
				GCC_WARN_UNUSED_VARIABLE = YES;
				IPHONEOS_DEPLOYMENT_TARGET = 17.0;
				LOCALIZATION_PREFERS_STRING_CATALOGS = YES;
				MTL_ENABLE_DEBUG_INFO = INCLUDE_SOURCE;
				MTL_FAST_MATH = YES;
				ONLY_ACTIVE_ARCH = YES;
				SDKROOT = iphoneos;
				SWIFT_ACTIVE_COMPILATION_CONDITIONS = "DEBUG $(inherited)";
				SWIFT_OPTIMIZATION_LEVEL = "-Onone";
			};
			name = Debug;
		};
		754B0B752AF8CAA8009083F7 /* Release */ = {
			isa = XCBuildConfiguration;
			buildSettings = {
				ALWAYS_SEARCH_USER_PATHS = NO;
				ASSETCATALOG_COMPILER_GENERATE_SWIFT_ASSET_SYMBOL_EXTENSIONS = YES;
				CLANG_ANALYZER_NONNULL = YES;
				CLANG_ANALYZER_NUMBER_OBJECT_CONVERSION = YES_AGGRESSIVE;
				CLANG_CXX_LANGUAGE_STANDARD = "gnu++20";
				CLANG_ENABLE_MODULES = YES;
				CLANG_ENABLE_OBJC_ARC = YES;
				CLANG_ENABLE_OBJC_WEAK = YES;
				CLANG_WARN_BLOCK_CAPTURE_AUTORELEASING = YES;
				CLANG_WARN_BOOL_CONVERSION = YES;
				CLANG_WARN_COMMA = YES;
				CLANG_WARN_CONSTANT_CONVERSION = YES;
				CLANG_WARN_DEPRECATED_OBJC_IMPLEMENTATIONS = YES;
				CLANG_WARN_DIRECT_OBJC_ISA_USAGE = YES_ERROR;
				CLANG_WARN_DOCUMENTATION_COMMENTS = YES;
				CLANG_WARN_EMPTY_BODY = YES;
				CLANG_WARN_ENUM_CONVERSION = YES;
				CLANG_WARN_INFINITE_RECURSION = YES;
				CLANG_WARN_INT_CONVERSION = YES;
				CLANG_WARN_NON_LITERAL_NULL_CONVERSION = YES;
				CLANG_WARN_OBJC_IMPLICIT_RETAIN_SELF = YES;
				CLANG_WARN_OBJC_LITERAL_CONVERSION = YES;
				CLANG_WARN_OBJC_ROOT_CLASS = YES_ERROR;
				CLANG_WARN_QUOTED_INCLUDE_IN_FRAMEWORK_HEADER = YES;
				CLANG_WARN_RANGE_LOOP_ANALYSIS = YES;
				CLANG_WARN_STRICT_PROTOTYPES = YES;
				CLANG_WARN_SUSPICIOUS_MOVE = YES;
				CLANG_WARN_UNGUARDED_AVAILABILITY = YES_AGGRESSIVE;
				CLANG_WARN_UNREACHABLE_CODE = YES;
				CLANG_WARN__DUPLICATE_METHOD_MATCH = YES;
				COPY_PHASE_STRIP = NO;
				DEBUG_INFORMATION_FORMAT = "dwarf-with-dsym";
				ENABLE_NS_ASSERTIONS = NO;
				ENABLE_STRICT_OBJC_MSGSEND = YES;
				ENABLE_USER_SCRIPT_SANDBOXING = YES;
				GCC_C_LANGUAGE_STANDARD = gnu17;
				GCC_NO_COMMON_BLOCKS = YES;
				GCC_WARN_64_TO_32_BIT_CONVERSION = YES;
				GCC_WARN_ABOUT_RETURN_TYPE = YES_ERROR;
				GCC_WARN_UNDECLARED_SELECTOR = YES;
				GCC_WARN_UNINITIALIZED_AUTOS = YES_AGGRESSIVE;
				GCC_WARN_UNUSED_FUNCTION = YES;
				GCC_WARN_UNUSED_VARIABLE = YES;
				IPHONEOS_DEPLOYMENT_TARGET = 17.0;
				LOCALIZATION_PREFERS_STRING_CATALOGS = YES;
				MTL_ENABLE_DEBUG_INFO = NO;
				MTL_FAST_MATH = YES;
				SDKROOT = iphoneos;
				SWIFT_COMPILATION_MODE = wholemodule;
				VALIDATE_PRODUCT = YES;
			};
			name = Release;
		};
		754B0B772AF8CAA8009083F7 /* Debug */ = {
			isa = XCBuildConfiguration;
			buildSettings = {
				ASSETCATALOG_COMPILER_APPICON_NAME = AppIcon;
				ASSETCATALOG_COMPILER_GLOBAL_ACCENT_COLOR_NAME = AccentColor;
				CODE_SIGN_STYLE = Automatic;
				CURRENT_PROJECT_VERSION = 1;
				DEVELOPMENT_TEAM = J6DAS32898;
				GENERATE_INFOPLIST_FILE = YES;
				INFOPLIST_FILE = RSimpleFramworkAPP/Info.plist;
				INFOPLIST_KEY_UIApplicationSupportsIndirectInputEvents = YES;
				INFOPLIST_KEY_UILaunchStoryboardName = LaunchScreen;
				INFOPLIST_KEY_UIMainStoryboardFile = Main;
				INFOPLIST_KEY_UISupportedInterfaceOrientations_iPad = "UIInterfaceOrientationPortrait UIInterfaceOrientationPortraitUpsideDown UIInterfaceOrientationLandscapeLeft UIInterfaceOrientationLandscapeRight";
				INFOPLIST_KEY_UISupportedInterfaceOrientations_iPhone = "UIInterfaceOrientationPortrait UIInterfaceOrientationLandscapeLeft UIInterfaceOrientationLandscapeRight";
				LD_RUNPATH_SEARCH_PATHS = (
					"$(inherited)",
					"@executable_path/Frameworks",
				);
				MARKETING_VERSION = 1.0;
				PRODUCT_BUNDLE_IDENTIFIER = com.rajesh.RSimpleFramworkAPP;
				PRODUCT_NAME = "$(TARGET_NAME)";
				SWIFT_EMIT_LOC_STRINGS = YES;
				SWIFT_VERSION = 5.0;
				TARGETED_DEVICE_FAMILY = "1,2";
			};
			name = Debug;
		};
		754B0B782AF8CAA8009083F7 /* Release */ = {
			isa = XCBuildConfiguration;
			buildSettings = {
				ASSETCATALOG_COMPILER_APPICON_NAME = AppIcon;
				ASSETCATALOG_COMPILER_GLOBAL_ACCENT_COLOR_NAME = AccentColor;
				CODE_SIGN_STYLE = Automatic;
				CURRENT_PROJECT_VERSION = 1;
				DEVELOPMENT_TEAM = J6DAS32898;
				GENERATE_INFOPLIST_FILE = YES;
				INFOPLIST_FILE = RSimpleFramworkAPP/Info.plist;
				INFOPLIST_KEY_UIApplicationSupportsIndirectInputEvents = YES;
				INFOPLIST_KEY_UILaunchStoryboardName = LaunchScreen;
				INFOPLIST_KEY_UIMainStoryboardFile = Main;
				INFOPLIST_KEY_UISupportedInterfaceOrientations_iPad = "UIInterfaceOrientationPortrait UIInterfaceOrientationPortraitUpsideDown UIInterfaceOrientationLandscapeLeft UIInterfaceOrientationLandscapeRight";
				INFOPLIST_KEY_UISupportedInterfaceOrientations_iPhone = "UIInterfaceOrientationPortrait UIInterfaceOrientationLandscapeLeft UIInterfaceOrientationLandscapeRight";
				LD_RUNPATH_SEARCH_PATHS = (
					"$(inherited)",
					"@executable_path/Frameworks",
				);
				MARKETING_VERSION = 1.0;
				PRODUCT_BUNDLE_IDENTIFIER = com.rajesh.RSimpleFramworkAPP;
				PRODUCT_NAME = "$(TARGET_NAME)";
				SWIFT_EMIT_LOC_STRINGS = YES;
				SWIFT_VERSION = 5.0;
				TARGETED_DEVICE_FAMILY = "1,2";
			};
			name = Release;
		};
		754B0B7A2AF8CAA8009083F7 /* Debug */ = {
			isa = XCBuildConfiguration;
			buildSettings = {
				ALWAYS_EMBED_SWIFT_STANDARD_LIBRARIES = YES;
				BUNDLE_LOADER = "$(TEST_HOST)";
				CODE_SIGN_STYLE = Automatic;
				CURRENT_PROJECT_VERSION = 1;
				DEVELOPMENT_TEAM = J6DAS32898;
				GENERATE_INFOPLIST_FILE = YES;
				IPHONEOS_DEPLOYMENT_TARGET = 17.0;
				MARKETING_VERSION = 1.0;
				PRODUCT_BUNDLE_IDENTIFIER = com.rajesh.RSimpleFramworkAPPTests;
				PRODUCT_NAME = "$(TARGET_NAME)";
				SWIFT_EMIT_LOC_STRINGS = NO;
				SWIFT_VERSION = 5.0;
				TARGETED_DEVICE_FAMILY = "1,2";
				TEST_HOST = "$(BUILT_PRODUCTS_DIR)/RSimpleFramworkAPP.app/$(BUNDLE_EXECUTABLE_FOLDER_PATH)/RSimpleFramworkAPP";
			};
			name = Debug;
		};
		754B0B7B2AF8CAA8009083F7 /* Release */ = {
			isa = XCBuildConfiguration;
			buildSettings = {
				ALWAYS_EMBED_SWIFT_STANDARD_LIBRARIES = YES;
				BUNDLE_LOADER = "$(TEST_HOST)";
				CODE_SIGN_STYLE = Automatic;
				CURRENT_PROJECT_VERSION = 1;
				DEVELOPMENT_TEAM = J6DAS32898;
				GENERATE_INFOPLIST_FILE = YES;
				IPHONEOS_DEPLOYMENT_TARGET = 17.0;
				MARKETING_VERSION = 1.0;
				PRODUCT_BUNDLE_IDENTIFIER = com.rajesh.RSimpleFramworkAPPTests;
				PRODUCT_NAME = "$(TARGET_NAME)";
				SWIFT_EMIT_LOC_STRINGS = NO;
				SWIFT_VERSION = 5.0;
				TARGETED_DEVICE_FAMILY = "1,2";
				TEST_HOST = "$(BUILT_PRODUCTS_DIR)/RSimpleFramworkAPP.app/$(BUNDLE_EXECUTABLE_FOLDER_PATH)/RSimpleFramworkAPP";
			};
			name = Release;
		};
		754B0B7D2AF8CAA8009083F7 /* Debug */ = {
			isa = XCBuildConfiguration;
			buildSettings = {
				ALWAYS_EMBED_SWIFT_STANDARD_LIBRARIES = YES;
				CODE_SIGN_STYLE = Automatic;
				CURRENT_PROJECT_VERSION = 1;
				DEVELOPMENT_TEAM = J6DAS32898;
				GENERATE_INFOPLIST_FILE = YES;
				MARKETING_VERSION = 1.0;
				PRODUCT_BUNDLE_IDENTIFIER = com.rajesh.RSimpleFramworkAPPUITests;
				PRODUCT_NAME = "$(TARGET_NAME)";
				SWIFT_EMIT_LOC_STRINGS = NO;
				SWIFT_VERSION = 5.0;
				TARGETED_DEVICE_FAMILY = "1,2";
				TEST_TARGET_NAME = RSimpleFramworkAPP;
			};
			name = Debug;
		};
		754B0B7E2AF8CAA8009083F7 /* Release */ = {
			isa = XCBuildConfiguration;
			buildSettings = {
				ALWAYS_EMBED_SWIFT_STANDARD_LIBRARIES = YES;
				CODE_SIGN_STYLE = Automatic;
				CURRENT_PROJECT_VERSION = 1;
				DEVELOPMENT_TEAM = J6DAS32898;
				GENERATE_INFOPLIST_FILE = YES;
				MARKETING_VERSION = 1.0;
				PRODUCT_BUNDLE_IDENTIFIER = com.rajesh.RSimpleFramworkAPPUITests;
				PRODUCT_NAME = "$(TARGET_NAME)";
				SWIFT_EMIT_LOC_STRINGS = NO;
				SWIFT_VERSION = 5.0;
				TARGETED_DEVICE_FAMILY = "1,2";
				TEST_TARGET_NAME = RSimpleFramworkAPP;
			};
			name = Release;
		};
/* End XCBuildConfiguration section */

/* Begin XCConfigurationList section */
		754B0B472AF8CAA7009083F7 /* Build configuration list for PBXProject "RSimpleFramworkAPP" */ = {
			isa = XCConfigurationList;
			buildConfigurations = (
				754B0B742AF8CAA8009083F7 /* Debug */,
				754B0B752AF8CAA8009083F7 /* Release */,
			);
			defaultConfigurationIsVisible = 0;
			defaultConfigurationName = Release;
		};
		754B0B762AF8CAA8009083F7 /* Build configuration list for PBXNativeTarget "RSimpleFramworkAPP" */ = {
			isa = XCConfigurationList;
			buildConfigurations = (
				754B0B772AF8CAA8009083F7 /* Debug */,
				754B0B782AF8CAA8009083F7 /* Release */,
			);
			defaultConfigurationIsVisible = 0;
			defaultConfigurationName = Release;
		};
		754B0B792AF8CAA8009083F7 /* Build configuration list for PBXNativeTarget "RSimpleFramworkAPPTests" */ = {
			isa = XCConfigurationList;
			buildConfigurations = (
				754B0B7A2AF8CAA8009083F7 /* Debug */,
				754B0B7B2AF8CAA8009083F7 /* Release */,
			);
			defaultConfigurationIsVisible = 0;
			defaultConfigurationName = Release;
		};
		754B0B7C2AF8CAA8009083F7 /* Build configuration list for PBXNativeTarget "RSimpleFramworkAPPUITests" */ = {
			isa = XCConfigurationList;
			buildConfigurations = (
				754B0B7D2AF8CAA8009083F7 /* Debug */,
				754B0B7E2AF8CAA8009083F7 /* Release */,
			);
			defaultConfigurationIsVisible = 0;
			defaultConfigurationName = Release;
		};
/* End XCConfigurationList section */
	};
	rootObject = 754B0B442AF8CAA7009083F7 /* Project object */;
}
